
Microsoft Visual Studio Solution File, Format Version 12.00
# Visual Studio 15
VisualStudioVersion = 15.0.28307.329
MinimumVisualStudioVersion = 15.0
Project("{FAE04EC0-301F-11D3-BF4B-00C04F79EFBC}") = "WebApplication", "WebApplication\WebApplication.csproj", "{DE0D14F1-F2A7-404F-ABDC-C1479D22E8E7}"
EndProject
Project("{FAE04EC0-301F-11D3-BF4B-00C04F79EFBC}") = "EmailLib", "EmailLib\EmailLib.csproj", "{1A41950D-F15E-4D45-96C2-56E6613B35B8}"
EndProject
Project("{FAE04EC0-301F-11D3-BF4B-00C04F79EFBC}") = "Test", "Test\Test.csproj", "{362087A0-2A59-41C0-B18E-599E6864A414}"
EndProject
Project("{FAE04EC0-301F-11D3-BF4B-00C04F79EFBC}") = "DataBaseAccess", "DataBaseAccess\DataBaseAccess.csproj", "{FB8EF5F9-4AD5-453F-8183-95F709B031A2}"
EndProject
Project("{FAE04EC0-301F-11D3-BF4B-00C04F79EFBC}") = "ProjectDocs", "ProjectDocs\ProjectDocs.csproj", "{DFA4BE1E-6A19-4221-89AA-25555A44DE48}"
EndProject
Global
	GlobalSection(SolutionConfigurationPlatforms) = preSolution
		Debug|Any CPU = Debug|Any CPU
		Release|Any CPU = Release|Any CPU
	EndGlobalSection
	GlobalSection(ProjectConfigurationPlatforms) = postSolution
		{DE0D14F1-F2A7-404F-ABDC-C1479D22E8E7}.Debug|Any CPU.ActiveCfg = Debug|Any CPU
		{DE0D14F1-F2A7-404F-ABDC-C1479D22E8E7}.Debug|Any CPU.Build.0 = Debug|Any CPU
		{DE0D14F1-F2A7-404F-ABDC-C1479D22E8E7}.Release|Any CPU.ActiveCfg = Release|Any CPU
		{DE0D14F1-F2A7-404F-ABDC-C1479D22E8E7}.Release|Any CPU.Build.0 = Release|Any CPU
		{1A41950D-F15E-4D45-96C2-56E6613B35B8}.Debug|Any CPU.ActiveCfg = Debug|Any CPU
		{1A41950D-F15E-4D45-96C2-56E6613B35B8}.Debug|Any CPU.Build.0 = Debug|Any CPU
		{1A41950D-F15E-4D45-96C2-56E6613B35B8}.Release|Any CPU.ActiveCfg = Release|Any CPU
		{1A41950D-F15E-4D45-96C2-56E6613B35B8}.Release|Any CPU.Build.0 = Release|Any CPU
		{362087A0-2A59-41C0-B18E-599E6864A414}.Debug|Any CPU.ActiveCfg = Debug|Any CPU
		{362087A0-2A59-41C0-B18E-599E6864A414}.Debug|Any CPU.Build.0 = Debug|Any CPU
		{362087A0-2A59-41C0-B18E-599E6864A414}.Release|Any CPU.ActiveCfg = Release|Any CPU
		{362087A0-2A59-41C0-B18E-599E6864A414}.Release|Any CPU.Build.0 = Release|Any CPU
		{FB8EF5F9-4AD5-453F-8183-95F709B031A2}.Debug|Any CPU.ActiveCfg = Debug|Any CPU
		{FB8EF5F9-4AD5-453F-8183-95F709B031A2}.Debug|Any CPU.Build.0 = Debug|Any CPU
		{FB8EF5F9-4AD5-453F-8183-95F709B031A2}.Release|Any CPU.ActiveCfg = Release|Any CPU
		{FB8EF5F9-4AD5-453F-8183-95F709B031A2}.Release|Any CPU.Build.0 = Release|Any CPU
		{DFA4BE1E-6A19-4221-89AA-25555A44DE48}.Debug|Any CPU.ActiveCfg = Debug|Any CPU
		{DFA4BE1E-6A19-4221-89AA-25555A44DE48}.Debug|Any CPU.Build.0 = Debug|Any CPU
		{DFA4BE1E-6A19-4221-89AA-25555A44DE48}.Release|Any CPU.ActiveCfg = Release|Any CPU
		{DFA4BE1E-6A19-4221-89AA-25555A44DE48}.Release|Any CPU.Build.0 = Release|Any CPU
	EndGlobalSection
	GlobalSection(SolutionProperties) = preSolution
		HideSolutionNode = FALSE
	EndGlobalSection
	GlobalSection(ExtensibilityGlobals) = postSolution
		SolutionGuid = {9136B687-78BC-4790-9B3F-9B647CFDEFB6}
	EndGlobalSection
EndGlobal
